
Microsoft Visual Studio Solution File, Format Version 12.00
# Visual Studio Version 16
VisualStudioVersion = 16.0.29509.3
MinimumVisualStudioVersion = 10.0.40219.1
Project("{FAE04EC0-301F-11D3-BF4B-00C04F79EFBC}") = "ABC_Company_Doamin", "ABC_Company_Doamin\ABC_Company_Doamin.csproj", "{7DA35A5F-E7D7-48BA-81D3-21CF784F00FB}"
EndProject
Global
	GlobalSection(SolutionConfigurationPlatforms) = preSolution
		Debug|Any CPU = Debug|Any CPU
		Release|Any CPU = Release|Any CPU
	EndGlobalSection
	GlobalSection(ProjectConfigurationPlatforms) = postSolution
		{7DA35A5F-E7D7-48BA-81D3-21CF784F00FB}.Debug|Any CPU.ActiveCfg = Debug|Any CPU
		{7DA35A5F-E7D7-48BA-81D3-21CF784F00FB}.Debug|Any CPU.Build.0 = Debug|Any CPU
		{7DA35A5F-E7D7-48BA-81D3-21CF784F00FB}.Release|Any CPU.ActiveCfg = Release|Any CPU
		{7DA35A5F-E7D7-48BA-81D3-21CF784F00FB}.Release|Any CPU.Build.0 = Release|Any CPU
	EndGlobalSection
	GlobalSection(SolutionProperties) = preSolution
		HideSolutionNode = FALSE
	EndGlobalSection
	GlobalSection(ExtensibilityGlobals) = postSolution
		SolutionGuid = {0EE6FB4D-3F77-44C1-B6B2-3A54A69733A3}
	EndGlobalSection
EndGlobal
